
Microsoft Visual Studio Solution File, Format Version 12.00
# Visual Studio Version 17
VisualStudioVersion = 17.4.33110.190
MinimumVisualStudioVersion = 10.0.40219.1
Project("{FAE04EC0-301F-11D3-BF4B-00C04F79EFBC}") = "Pharmasy App 12.08.2023 DMA Project", "Pharmasy App 12.08.2023 DMA Project\Pharmasy App 12.08.2023 DMA Project.csproj", "{1BCC4E71-1247-436D-8C78-24A1A89AB807}"
EndProject
Global
	GlobalSection(SolutionConfigurationPlatforms) = preSolution
		Debug|Any CPU = Debug|Any CPU
		Release|Any CPU = Release|Any CPU
	EndGlobalSection
	GlobalSection(ProjectConfigurationPlatforms) = postSolution
		{1BCC4E71-1247-436D-8C78-24A1A89AB807}.Debug|Any CPU.ActiveCfg = Debug|Any CPU
		{1BCC4E71-1247-436D-8C78-24A1A89AB807}.Debug|Any CPU.Build.0 = Debug|Any CPU
		{1BCC4E71-1247-436D-8C78-24A1A89AB807}.Release|Any CPU.ActiveCfg = Release|Any CPU
		{1BCC4E71-1247-436D-8C78-24A1A89AB807}.Release|Any CPU.Build.0 = Release|Any CPU
	EndGlobalSection
	GlobalSection(SolutionProperties) = preSolution
		HideSolutionNode = FALSE
	EndGlobalSection
	GlobalSection(ExtensibilityGlobals) = postSolution
		SolutionGuid = {46B22E4E-915F-42EC-B5AF-961C6620CC03}
	EndGlobalSection
EndGlobal
